// !$*UTF8*$!
{
	archiveVersion = 1;
	classes = {
	};
	objectVersion = 51;
	objects = {

/* Begin PBXBuildFile section */
		770E076026D1371E00E0E7C2 /* AppDelegate.swift in Sources */ = {isa = PBXBuildFile; fileRef = 770E075F26D1371E00E0E7C2 /* AppDelegate.swift */; };
		770E076426D1371E00E0E7C2 /* StoryBoardViewController.swift in Sources */ = {isa = PBXBuildFile; fileRef = 770E076326D1371E00E0E7C2 /* StoryBoardViewController.swift */; };
		770E076726D1371E00E0E7C2 /* Main.storyboard in Resources */ = {isa = PBXBuildFile; fileRef = 770E076526D1371E00E0E7C2 /* Main.storyboard */; };
		770E076926D1371F00E0E7C2 /* Assets.xcassets in Resources */ = {isa = PBXBuildFile; fileRef = 770E076826D1371F00E0E7C2 /* Assets.xcassets */; };
		770E076C26D1371F00E0E7C2 /* LaunchScreen.storyboard in Resources */ = {isa = PBXBuildFile; fileRef = 770E076A26D1371F00E0E7C2 /* LaunchScreen.storyboard */; };
		777A332126D4D00900EFAB68 /* CodeBasedViewController.swift in Sources */ = {isa = PBXBuildFile; fileRef = 777A332026D4D00900EFAB68 /* CodeBasedViewController.swift */; };
		B2C2CB59E39442C41FCAB48C /* Pods_SkeletonViewExample.framework in Frameworks */ = {isa = PBXBuildFile; fileRef = BC0AEF68FAC5CD815E438936 /* Pods_SkeletonViewExample.framework */; };
/* End PBXBuildFile section */

/* Begin PBXFileReference section */
		45ECDB2518449B7994DF1D55 /* Pods-SkeletonViewExample.debug.xcconfig */ = {isa = PBXFileReference; includeInIndex = 1; lastKnownFileType = text.xcconfig; name = "Pods-SkeletonViewExample.debug.xcconfig"; path = "Target Support Files/Pods-SkeletonViewExample/Pods-SkeletonViewExample.debug.xcconfig"; sourceTree = "<group>"; };
		6D2EC135EFA28D8F427E77D0 /* Pods-SkeletonViewExample.release.xcconfig */ = {isa = PBXFileReference; includeInIndex = 1; lastKnownFileType = text.xcconfig; name = "Pods-SkeletonViewExample.release.xcconfig"; path = "Target Support Files/Pods-SkeletonViewExample/Pods-SkeletonViewExample.release.xcconfig"; sourceTree = "<group>"; };
		770E075C26D1371E00E0E7C2 /* SkeletonViewExample.app */ = {isa = PBXFileReference; explicitFileType = wrapper.application; includeInIndex = 0; path = SkeletonViewExample.app; sourceTree = BUILT_PRODUCTS_DIR; };
		770E075F26D1371E00E0E7C2 /* AppDelegate.swift */ = {isa = PBXFileReference; lastKnownFileType = sourcecode.swift; path = AppDelegate.swift; sourceTree = "<group>"; };
		770E076326D1371E00E0E7C2 /* StoryBoardViewController.swift */ = {isa = PBXFileReference; lastKnownFileType = sourcecode.swift; path = StoryBoardViewController.swift; sourceTree = "<group>"; };
		770E076626D1371E00E0E7C2 /* Base */ = {isa = PBXFileReference; lastKnownFileType = file.storyboard; name = Base; path = Base.lproj/Main.storyboard; sourceTree = "<group>"; };
		770E076826D1371F00E0E7C2 /* Assets.xcassets */ = {isa = PBXFileReference; lastKnownFileType = folder.assetcatalog; path = Assets.xcassets; sourceTree = "<group>"; };
		770E076B26D1371F00E0E7C2 /* Base */ = {isa = PBXFileReference; lastKnownFileType = file.storyboard; name = Base; path = Base.lproj/LaunchScreen.storyboard; sourceTree = "<group>"; };
		770E076D26D1371F00E0E7C2 /* Info.plist */ = {isa = PBXFileReference; lastKnownFileType = text.plist.xml; path = Info.plist; sourceTree = "<group>"; };
		777A332026D4D00900EFAB68 /* CodeBasedViewController.swift */ = {isa = PBXFileReference; lastKnownFileType = sourcecode.swift; path = CodeBasedViewController.swift; sourceTree = "<group>"; };
		BC0AEF68FAC5CD815E438936 /* Pods_SkeletonViewExample.framework */ = {isa = PBXFileReference; explicitFileType = wrapper.framework; includeInIndex = 0; path = Pods_SkeletonViewExample.framework; sourceTree = BUILT_PRODUCTS_DIR; };
/* End PBXFileReference section */

/* Begin PBXFrameworksBuildPhase section */
		770E075926D1371E00E0E7C2 /* Frameworks */ = {
			isa = PBXFrameworksBuildPhase;
			buildActionMask = 2147483647;
			files = (
				B2C2CB59E39442C41FCAB48C /* Pods_SkeletonViewExample.framework in Frameworks */,
			);
			runOnlyForDeploymentPostprocessing = 0;
		};
/* End PBXFrameworksBuildPhase section */

/* Begin PBXGroup section */
		770E075326D1371E00E0E7C2 = {
			isa = PBXGroup;
			children = (
				770E075E26D1371E00E0E7C2 /* SkeletonViewExample */,
				770E075D26D1371E00E0E7C2 /* Products */,
				87A35CB2B73AC91B2392096E /* Pods */,
				A6D097452A852D48E11991A5 /* Frameworks */,
			);
			sourceTree = "<group>";
		};
		770E075D26D1371E00E0E7C2 /* Products */ = {
			isa = PBXGroup;
			children = (
				770E075C26D1371E00E0E7C2 /* SkeletonViewExample.app */,
			);
			name = Products;
			sourceTree = "<group>";
		};
		770E075E26D1371E00E0E7C2 /* SkeletonViewExample */ = {
			isa = PBXGroup;
			children = (
				770E075F26D1371E00E0E7C2 /* AppDelegate.swift */,
				77B0BDDD26D8B01E00B283B7 /* CodeBased */,
				777A332226D4D01200EFAB68 /* StoryBoard */,
				770E076826D1371F00E0E7C2 /* Assets.xcassets */,
				770E076A26D1371F00E0E7C2 /* LaunchScreen.storyboard */,
				770E076D26D1371F00E0E7C2 /* Info.plist */,
			);
			path = SkeletonViewExample;
			sourceTree = "<group>";
		};
		777A332226D4D01200EFAB68 /* StoryBoard */ = {
			isa = PBXGroup;
			children = (
				770E076526D1371E00E0E7C2 /* Main.storyboard */,
				770E076326D1371E00E0E7C2 /* StoryBoardViewController.swift */,
			);
			path = StoryBoard;
			sourceTree = "<group>";
		};
		77B0BDDD26D8B01E00B283B7 /* CodeBased */ = {
			isa = PBXGroup;
			children = (
				777A332026D4D00900EFAB68 /* CodeBasedViewController.swift */,
			);
			path = CodeBased;
			sourceTree = "<group>";
		};
		87A35CB2B73AC91B2392096E /* Pods */ = {
			isa = PBXGroup;
			children = (
				45ECDB2518449B7994DF1D55 /* Pods-SkeletonViewExample.debug.xcconfig */,
				6D2EC135EFA28D8F427E77D0 /* Pods-SkeletonViewExample.release.xcconfig */,
			);
			path = Pods;
			sourceTree = "<group>";
		};
		A6D097452A852D48E11991A5 /* Frameworks */ = {
			isa = PBXGroup;
			children = (
				BC0AEF68FAC5CD815E438936 /* Pods_SkeletonViewExample.framework */,
			);
			name = Frameworks;
			sourceTree = "<group>";
		};
/* End PBXGroup section */

/* Begin PBXNativeTarget section */
		770E075B26D1371E00E0E7C2 /* SkeletonViewExample */ = {
			isa = PBXNativeTarget;
			buildConfigurationList = 770E077026D1371F00E0E7C2 /* Build configuration list for PBXNativeTarget "SkeletonViewExample" */;
			buildPhases = (
				55F54EA057C88109A142C25D /* [CP] Check Pods Manifest.lock */,
				770E075826D1371E00E0E7C2 /* Sources */,
				770E075926D1371E00E0E7C2 /* Frameworks */,
				770E075A26D1371E00E0E7C2 /* Resources */,
				EA6AD57AE9E5D388DB5A6A00 /* [CP] Embed Pods Frameworks */,
			);
			buildRules = (
			);
			dependencies = (
			);
			name = SkeletonViewExample;
			productName = SkeletonViewExample;
			productReference = 770E075C26D1371E00E0E7C2 /* SkeletonViewExample.app */;
			productType = "com.apple.product-type.application";
		};
/* End PBXNativeTarget section */

/* Begin PBXProject section */
		770E075426D1371E00E0E7C2 /* Project object */ = {
			isa = PBXProject;
			attributes = {
				LastSwiftUpdateCheck = 1250;
				LastUpgradeCheck = 1250;
				TargetAttributes = {
					770E075B26D1371E00E0E7C2 = {
						CreatedOnToolsVersion = 12.5.1;
					};
				};
			};
			buildConfigurationList = 770E075726D1371E00E0E7C2 /* Build configuration list for PBXProject "SkeletonViewExample" */;
			compatibilityVersion = "Xcode 9.3";
			developmentRegion = en;
			hasScannedForEncodings = 0;
			knownRegions = (
				en,
				Base,
			);
			mainGroup = 770E075326D1371E00E0E7C2;
			productRefGroup = 770E075D26D1371E00E0E7C2 /* Products */;
			projectDirPath = "";
			projectRoot = "";
			targets = (
				770E075B26D1371E00E0E7C2 /* SkeletonViewExample */,
			);
		};
/* End PBXProject section */

/* Begin PBXResourcesBuildPhase section */
		770E075A26D1371E00E0E7C2 /* Resources */ = {
			isa = PBXResourcesBuildPhase;
			buildActionMask = 2147483647;
			files = (
				770E076C26D1371F00E0E7C2 /* LaunchScreen.storyboard in Resources */,
				770E076926D1371F00E0E7C2 /* Assets.xcassets in Resources */,
				770E076726D1371E00E0E7C2 /* Main.storyboard in Resources */,
			);
			runOnlyForDeploymentPostprocessing = 0;
		};
/* End PBXResourcesBuildPhase section */

/* Begin PBXShellScriptBuildPhase section */
		55F54EA057C88109A142C25D /* [CP] Check Pods Manifest.lock */ = {
			isa = PBXShellScriptBuildPhase;
			buildActionMask = 2147483647;
			files = (
			);
			inputFileListPaths = (
			);
			inputPaths = (
				"${PODS_PODFILE_DIR_PATH}/Podfile.lock",
				"${PODS_ROOT}/Manifest.lock",
			);
			name = "[CP] Check Pods Manifest.lock";
			outputFileListPaths = (
			);
			outputPaths = (
				"$(DERIVED_FILE_DIR)/Pods-SkeletonViewExample-checkManifestLockResult.txt",
			);
			runOnlyForDeploymentPostprocessing = 0;
			shellPath = /bin/sh;
			shellScript = "diff \"${PODS_PODFILE_DIR_PATH}/Podfile.lock\" \"${PODS_ROOT}/Manifest.lock\" > /dev/null\nif [ $? != 0 ] ; then\n    # print error to STDERR\n    echo \"error: The sandbox is not in sync with the Podfile.lock. Run 'pod install' or update your CocoaPods installation.\" >&2\n    exit 1\nfi\n# This output is used by Xcode 'outputs' to avoid re-running this script phase.\necho \"SUCCESS\" > \"${SCRIPT_OUTPUT_FILE_0}\"\n";
			showEnvVarsInLog = 0;
		};
		EA6AD57AE9E5D388DB5A6A00 /* [CP] Embed Pods Frameworks */ = {
			isa = PBXShellScriptBuildPhase;
			buildActionMask = 2147483647;
			files = (
			);
			inputFileListPaths = (
				"${PODS_ROOT}/Target Support Files/Pods-SkeletonViewExample/Pods-SkeletonViewExample-frameworks-${CONFIGURATION}-input-files.xcfilelist",
			);
			name = "[CP] Embed Pods Frameworks";
			outputFileListPaths = (
				"${PODS_ROOT}/Target Support Files/Pods-SkeletonViewExample/Pods-SkeletonViewExample-frameworks-${CONFIGURATION}-output-files.xcfilelist",
			);
			runOnlyForDeploymentPostprocessing = 0;
			shellPath = /bin/sh;
			shellScript = "\"${PODS_ROOT}/Target Support Files/Pods-SkeletonViewExample/Pods-SkeletonViewExample-frameworks.sh\"\n";
			showEnvVarsInLog = 0;
		};
/* End PBXShellScriptBuildPhase section */

/* Begin PBXSourcesBuildPhase section */
		770E075826D1371E00E0E7C2 /* Sources */ = {
			isa = PBXSourcesBuildPhase;
			buildActionMask = 2147483647;
			files = (
				770E076426D1371E00E0E7C2 /* StoryBoardViewController.swift in Sources */,
				777A332126D4D00900EFAB68 /* CodeBasedViewController.swift in Sources */,
				770E076026D1371E00E0E7C2 /* AppDelegate.swift in Sources */,
			);
			runOnlyForDeploymentPostprocessing = 0;
		};
/* End PBXSourcesBuildPhase section */

/* Begin PBXVariantGroup section */
		770E076526D1371E00E0E7C2 /* Main.storyboard */ = {
			isa = PBXVariantGroup;
			children = (
				770E076626D1371E00E0E7C2 /* Base */,
			);
			name = Main.storyboard;
			sourceTree = "<group>";
		};
		770E076A26D1371F00E0E7C2 /* LaunchScreen.storyboard */ = {
			isa = PBXVariantGroup;
			children = (
				770E076B26D1371F00E0E7C2 /* Base */,
			);
			name = LaunchScreen.storyboard;
			sourceTree = "<group>";
		};
/* End PBXVariantGroup section */

/* Begin XCBuildConfiguration section */
		770E076E26D1371F00E0E7C2 /* Debug */ = {
			isa = XCBuildConfiguration;
			buildSettings = {
				ALWAYS_SEARCH_USER_PATHS = NO;
				CLANG_ANALYZER_NONNULL = YES;
				CLANG_ANALYZER_NUMBER_OBJECT_CONVERSION = YES_AGGRESSIVE;
				CLANG_CXX_LANGUAGE_STANDARD = "gnu++14";
				CLANG_CXX_LIBRARY = "libc++";
				CLANG_ENABLE_MODULES = YES;
				CLANG_ENABLE_OBJC_ARC = YES;
				CLANG_ENABLE_OBJC_WEAK = YES;
				CLANG_WARN_BLOCK_CAPTURE_AUTORELEASING = YES;
				CLANG_WARN_BOOL_CONVERSION = YES;
				CLANG_WARN_COMMA = YES;
				CLANG_WARN_CONSTANT_CONVERSION = YES;
				CLANG_WARN_DEPRECATED_OBJC_IMPLEMENTATIONS = YES;
				CLANG_WARN_DIRECT_OBJC_ISA_USAGE = YES_ERROR;
				CLANG_WARN_DOCUMENTATION_COMMENTS = YES;
				CLANG_WARN_EMPTY_BODY = YES;
				CLANG_WARN_ENUM_CONVERSION = YES;
				CLANG_WARN_INFINITE_RECURSION = YES;
				CLANG_WARN_INT_CONVERSION = YES;
				CLANG_WARN_NON_LITERAL_NULL_CONVERSION = YES;
				CLANG_WARN_OBJC_IMPLICIT_RETAIN_SELF = YES;
				CLANG_WARN_OBJC_LITERAL_CONVERSION = YES;
				CLANG_WARN_OBJC_ROOT_CLASS = YES_ERROR;
				CLANG_WARN_QUOTED_INCLUDE_IN_FRAMEWORK_HEADER = YES;
				CLANG_WARN_RANGE_LOOP_ANALYSIS = YES;
				CLANG_WARN_STRICT_PROTOTYPES = YES;
				CLANG_WARN_SUSPICIOUS_MOVE = YES;
				CLANG_WARN_UNGUARDED_AVAILABILITY = YES_AGGRESSIVE;
				CLANG_WARN_UNREACHABLE_CODE = YES;
				CLANG_WARN__DUPLICATE_METHOD_MATCH = YES;
				COPY_PHASE_STRIP = NO;
				DEBUG_INFORMATION_FORMAT = dwarf;
				ENABLE_STRICT_OBJC_MSGSEND = YES;
				ENABLE_TESTABILITY = YES;
				GCC_C_LANGUAGE_STANDARD = gnu11;
				GCC_DYNAMIC_NO_PIC = NO;
				GCC_NO_COMMON_BLOCKS = YES;
				GCC_OPTIMIZATION_LEVEL = 0;
				GCC_PREPROCESSOR_DEFINITIONS = (
					"DEBUG=1",
					"$(inherited)",
				);
				GCC_WARN_64_TO_32_BIT_CONVERSION = YES;
				GCC_WARN_ABOUT_RETURN_TYPE = YES_ERROR;
				GCC_WARN_UNDECLARED_SELECTOR = YES;
				GCC_WARN_UNINITIALIZED_AUTOS = YES_AGGRESSIVE;
				GCC_WARN_UNUSED_FUNCTION = YES;
				GCC_WARN_UNUSED_VARIABLE = YES;
				IPHONEOS_DEPLOYMENT_TARGET = 11.0;
				MTL_ENABLE_DEBUG_INFO = INCLUDE_SOURCE;
				MTL_FAST_MATH = YES;
				ONLY_ACTIVE_ARCH = YES;
				SDKROOT = iphoneos;
				SWIFT_ACTIVE_COMPILATION_CONDITIONS = DEBUG;
				SWIFT_OPTIMIZATION_LEVEL = "-Onone";
			};
			name = Debug;
		};
		770E076F26D1371F00E0E7C2 /* Release */ = {
			isa = XCBuildConfiguration;
			buildSettings = {
				ALWAYS_SEARCH_USER_PATHS = NO;
				CLANG_ANALYZER_NONNULL = YES;
				CLANG_ANALYZER_NUMBER_OBJECT_CONVERSION = YES_AGGRESSIVE;
				CLANG_CXX_LANGUAGE_STANDARD = "gnu++14";
				CLANG_CXX_LIBRARY = "libc++";
				CLANG_ENABLE_MODULES = YES;
				CLANG_ENABLE_OBJC_ARC = YES;
				CLANG_ENABLE_OBJC_WEAK = YES;
				CLANG_WARN_BLOCK_CAPTURE_AUTORELEASING = YES;
				CLANG_WARN_BOOL_CONVERSION = YES;
				CLANG_WARN_COMMA = YES;
				CLANG_WARN_CONSTANT_CONVERSION = YES;
				CLANG_WARN_DEPRECATED_OBJC_IMPLEMENTATIONS = YES;
				CLANG_WARN_DIRECT_OBJC_ISA_USAGE = YES_ERROR;
				CLANG_WARN_DOCUMENTATION_COMMENTS = YES;
				CLANG_WARN_EMPTY_BODY = YES;
				CLANG_WARN_ENUM_CONVERSION = YES;
				CLANG_WARN_INFINITE_RECURSION = YES;
				CLANG_WARN_INT_CONVERSION = YES;
				CLANG_WARN_NON_LITERAL_NULL_CONVERSION = YES;
				CLANG_WARN_OBJC_IMPLICIT_RETAIN_SELF = YES;
				CLANG_WARN_OBJC_LITERAL_CONVERSION = YES;
				CLANG_WARN_OBJC_ROOT_CLASS = YES_ERROR;
				CLANG_WARN_QUOTED_INCLUDE_IN_FRAMEWORK_HEADER = YES;
				CLANG_WARN_RANGE_LOOP_ANALYSIS = YES;
				CLANG_WARN_STRICT_PROTOTYPES = YES;
				CLANG_WARN_SUSPICIOUS_MOVE = YES;
				CLANG_WARN_UNGUARDED_AVAILABILITY = YES_AGGRESSIVE;
				CLANG_WARN_UNREACHABLE_CODE = YES;
				CLANG_WARN__DUPLICATE_METHOD_MATCH = YES;
				COPY_PHASE_STRIP = NO;
				DEBUG_INFORMATION_FORMAT = "dwarf-with-dsym";
				ENABLE_NS_ASSERTIONS = NO;
				ENABLE_STRICT_OBJC_MSGSEND = YES;
				GCC_C_LANGUAGE_STANDARD = gnu11;
				GCC_NO_COMMON_BLOCKS = YES;
				GCC_WARN_64_TO_32_BIT_CONVERSION = YES;
				GCC_WARN_ABOUT_RETURN_TYPE = YES_ERROR;
				GCC_WARN_UNDECLARED_SELECTOR = YES;
				GCC_WARN_UNINITIALIZED_AUTOS = YES_AGGRESSIVE;
				GCC_WARN_UNUSED_FUNCTION = YES;
				GCC_WARN_UNUSED_VARIABLE = YES;
				IPHONEOS_DEPLOYMENT_TARGET = 11.0;
				MTL_ENABLE_DEBUG_INFO = NO;
				MTL_FAST_MATH = YES;
				SDKROOT = iphoneos;
				SWIFT_COMPILATION_MODE = wholemodule;
				SWIFT_OPTIMIZATION_LEVEL = "-O";
				VALIDATE_PRODUCT = YES;
			};
			name = Release;
		};
		770E077126D1371F00E0E7C2 /* Debug */ = {
			isa = XCBuildConfiguration;
			baseConfigurationReference = 45ECDB2518449B7994DF1D55 /* Pods-SkeletonViewExample.debug.xcconfig */;
			buildSettings = {
				ASSETCATALOG_COMPILER_APPICON_NAME = AppIcon;
				ASSETCATALOG_COMPILER_GLOBAL_ACCENT_COLOR_NAME = AccentColor;
				CODE_SIGN_STYLE = Automatic;
				DEVELOPMENT_TEAM = 8WGBZHP3L6;
				INFOPLIST_FILE = SkeletonViewExample/Info.plist;
				LD_RUNPATH_SEARCH_PATHS = (
					"$(inherited)",
					"@executable_path/Frameworks",
				);
				PRODUCT_BUNDLE_IDENTIFIER = dvHuni.SkeletonViewExample;
				PRODUCT_NAME = "$(TARGET_NAME)";
				SWIFT_VERSION = 5.0;
				TARGETED_DEVICE_FAMILY = "1,2";
			};
			name = Debug;
		};
		770E077226D1371F00E0E7C2 /* Release */ = {
			isa = XCBuildConfiguration;
			baseConfigurationReference = 6D2EC135EFA28D8F427E77D0 /* Pods-SkeletonViewExample.release.xcconfig */;
			buildSettings = {
				ASSETCATALOG_COMPILER_APPICON_NAME = AppIcon;
				ASSETCATALOG_COMPILER_GLOBAL_ACCENT_COLOR_NAME = AccentColor;
				CODE_SIGN_STYLE = Automatic;
				DEVELOPMENT_TEAM = 8WGBZHP3L6;
				INFOPLIST_FILE = SkeletonViewExample/Info.plist;
				LD_RUNPATH_SEARCH_PATHS = (
					"$(inherited)",
					"@executable_path/Frameworks",
				);
				PRODUCT_BUNDLE_IDENTIFIER = dvHuni.SkeletonViewExample;
				PRODUCT_NAME = "$(TARGET_NAME)";
				SWIFT_VERSION = 5.0;
				TARGETED_DEVICE_FAMILY = "1,2";
			};
			name = Release;
		};
/* End XCBuildConfiguration section */

/* Begin XCConfigurationList section */
		770E075726D1371E00E0E7C2 /* Build configuration list for PBXProject "SkeletonViewExample" */ = {
			isa = XCConfigurationList;
			buildConfigurations = (
				770E076E26D1371F00E0E7C2 /* Debug */,
				770E076F26D1371F00E0E7C2 /* Release */,
			);
			defaultConfigurationIsVisible = 0;
			defaultConfigurationName = Release;
		};
		770E077026D1371F00E0E7C2 /* Build configuration list for PBXNativeTarget "SkeletonViewExample" */ = {
			isa = XCConfigurationList;
			buildConfigurations = (
				770E077126D1371F00E0E7C2 /* Debug */,
				770E077226D1371F00E0E7C2 /* Release */,
			);
			defaultConfigurationIsVisible = 0;
			defaultConfigurationName = Release;
		};
/* End XCConfigurationList section */
	};
	rootObject = 770E075426D1371E00E0E7C2 /* Project object */;
}
